// !$*UTF8*$!
{
	archiveVersion = 1;
	classes = {
	};
	objectVersion = 77;
	objects = {

/* Begin PBXBuildFile section */
		A9FCCDEB2E39FD05009AF07D /* OnClassTrail.app in Embed App Clips */ = {isa = PBXBuildFile; fileRef = A9FCCDC72E39FD05009AF07D /* OnClassTrail.app */; settings = {ATTRIBUTES = (RemoveHeadersOnCopy, ); }; };
/* End PBXBuildFile section */

/* Begin PBXContainerItemProxy section */
		A9FCCDD82E39FD05009AF07D /* PBXContainerItemProxy */ = {
			isa = PBXContainerItemProxy;
			containerPortal = A973F4BB2E1D0A8F001491B3 /* Project object */;
			proxyType = 1;
			remoteGlobalIDString = A9FCCDC62E39FD05009AF07D;
			remoteInfo = OnClassTrail;
		};
		A9FCCDE22E39FD05009AF07D /* PBXContainerItemProxy */ = {
			isa = PBXContainerItemProxy;
			containerPortal = A973F4BB2E1D0A8F001491B3 /* Project object */;
			proxyType = 1;
			remoteGlobalIDString = A9FCCDC62E39FD05009AF07D;
			remoteInfo = OnClassTrail;
		};
		A9FCCDE92E39FD05009AF07D /* PBXContainerItemProxy */ = {
			isa = PBXContainerItemProxy;
			containerPortal = A973F4BB2E1D0A8F001491B3 /* Project object */;
			proxyType = 1;
			remoteGlobalIDString = A9FCCDC62E39FD05009AF07D;
			remoteInfo = OnClassTrail;
		};
/* End PBXContainerItemProxy section */

/* Begin PBXCopyFilesBuildPhase section */
		A9FCCDEC2E39FD05009AF07D /* Embed App Clips */ = {
			isa = PBXCopyFilesBuildPhase;
			buildActionMask = 2147483647;
			dstPath = "$(CONTENTS_FOLDER_PATH)/AppClips";
			dstSubfolderSpec = 16;
			files = (
				A9FCCDEB2E39FD05009AF07D /* OnClassTrail.app in Embed App Clips */,
			);
			name = "Embed App Clips";
			runOnlyForDeploymentPostprocessing = 0;
		};
/* End PBXCopyFilesBuildPhase section */

/* Begin PBXFileReference section */
		A973F4C32E1D0A8F001491B3 /* OnClassLite.app */ = {isa = PBXFileReference; explicitFileType = wrapper.application; includeInIndex = 0; path = OnClassLite.app; sourceTree = BUILT_PRODUCTS_DIR; };
		A9FCCDC72E39FD05009AF07D /* OnClassTrail.app */ = {isa = PBXFileReference; explicitFileType = wrapper.application; includeInIndex = 0; path = OnClassTrail.app; sourceTree = BUILT_PRODUCTS_DIR; };
		A9FCCDD72E39FD05009AF07D /* OnClassTrailTests.xctest */ = {isa = PBXFileReference; explicitFileType = wrapper.cfbundle; includeInIndex = 0; path = OnClassTrailTests.xctest; sourceTree = BUILT_PRODUCTS_DIR; };
		A9FCCDE12E39FD05009AF07D /* OnClassTrailUITests.xctest */ = {isa = PBXFileReference; explicitFileType = wrapper.cfbundle; includeInIndex = 0; path = OnClassTrailUITests.xctest; sourceTree = BUILT_PRODUCTS_DIR; };
/* End PBXFileReference section */

/* Begin PBXFileSystemSynchronizedBuildFileExceptionSet section */
		A973F4D02E1D0A8F001491B3 /* Exceptions for "ClassOn" folder in "OnClassLite" target */ = {
			isa = PBXFileSystemSynchronizedBuildFileExceptionSet;
			membershipExceptions = (
				Info.plist,
			);
			target = A973F4C22E1D0A8F001491B3 /* OnClassLite */;
		};
		A9FCCDF42E39FD05009AF07D /* Exceptions for "OnClassTrail" folder in "OnClassTrail" target */ = {
			isa = PBXFileSystemSynchronizedBuildFileExceptionSet;
			membershipExceptions = (
				Info.plist,
			);
			target = A9FCCDC62E39FD05009AF07D /* OnClassTrail */;
		};
/* End PBXFileSystemSynchronizedBuildFileExceptionSet section */

/* Begin PBXFileSystemSynchronizedRootGroup section */
		A973F4C52E1D0A8F001491B3 /* ClassOn */ = {
			isa = PBXFileSystemSynchronizedRootGroup;
			exceptions = (
				A973F4D02E1D0A8F001491B3 /* Exceptions for "ClassOn" folder in "OnClassLite" target */,
			);
			path = ClassOn;
			sourceTree = "<group>";
		};
		A9FCCDC82E39FD05009AF07D /* OnClassTrail */ = {
			isa = PBXFileSystemSynchronizedRootGroup;
			exceptions = (
				A9FCCDF42E39FD05009AF07D /* Exceptions for "OnClassTrail" folder in "OnClassTrail" target */,
			);
			path = OnClassTrail;
			sourceTree = "<group>";
		};
		A9FCCDDA2E39FD05009AF07D /* OnClassTrailTests */ = {
			isa = PBXFileSystemSynchronizedRootGroup;
			path = OnClassTrailTests;
			sourceTree = "<group>";
		};
		A9FCCDE42E39FD05009AF07D /* OnClassTrailUITests */ = {
			isa = PBXFileSystemSynchronizedRootGroup;
			path = OnClassTrailUITests;
			sourceTree = "<group>";
		};
/* End PBXFileSystemSynchronizedRootGroup section */

/* Begin PBXFrameworksBuildPhase section */
		A973F4C02E1D0A8F001491B3 /* Frameworks */ = {
			isa = PBXFrameworksBuildPhase;
			buildActionMask = 2147483647;
			files = (
			);
			runOnlyForDeploymentPostprocessing = 0;
		};
		A9FCCDC42E39FD05009AF07D /* Frameworks */ = {
			isa = PBXFrameworksBuildPhase;
			buildActionMask = 2147483647;
			files = (
			);
			runOnlyForDeploymentPostprocessing = 0;
		};
		A9FCCDD42E39FD05009AF07D /* Frameworks */ = {
			isa = PBXFrameworksBuildPhase;
			buildActionMask = 2147483647;
			files = (
			);
			runOnlyForDeploymentPostprocessing = 0;
		};
		A9FCCDDE2E39FD05009AF07D /* Frameworks */ = {
			isa = PBXFrameworksBuildPhase;
			buildActionMask = 2147483647;
			files = (
			);
			runOnlyForDeploymentPostprocessing = 0;
		};
/* End PBXFrameworksBuildPhase section */

/* Begin PBXGroup section */
		A973F4BA2E1D0A8F001491B3 = {
			isa = PBXGroup;
			children = (
				A973F4C52E1D0A8F001491B3 /* ClassOn */,
				A9FCCDC82E39FD05009AF07D /* OnClassTrail */,
				A9FCCDDA2E39FD05009AF07D /* OnClassTrailTests */,
				A9FCCDE42E39FD05009AF07D /* OnClassTrailUITests */,
				A973F4C42E1D0A8F001491B3 /* Products */,
			);
			sourceTree = "<group>";
		};
		A973F4C42E1D0A8F001491B3 /* Products */ = {
			isa = PBXGroup;
			children = (
				A973F4C32E1D0A8F001491B3 /* OnClassLite.app */,
				A9FCCDC72E39FD05009AF07D /* OnClassTrail.app */,
				A9FCCDD72E39FD05009AF07D /* OnClassTrailTests.xctest */,
				A9FCCDE12E39FD05009AF07D /* OnClassTrailUITests.xctest */,
			);
			name = Products;
			sourceTree = "<group>";
		};
/* End PBXGroup section */

/* Begin PBXNativeTarget section */
		A973F4C22E1D0A8F001491B3 /* OnClassLite */ = {
			isa = PBXNativeTarget;
			buildConfigurationList = A973F4D12E1D0A8F001491B3 /* Build configuration list for PBXNativeTarget "OnClassLite" */;
			buildPhases = (
				A973F4BF2E1D0A8F001491B3 /* Sources */,
				A973F4C02E1D0A8F001491B3 /* Frameworks */,
				A973F4C12E1D0A8F001491B3 /* Resources */,
				A9FCCDEC2E39FD05009AF07D /* Embed App Clips */,
			);
			buildRules = (
			);
			dependencies = (
				A9FCCDEA2E39FD05009AF07D /* PBXTargetDependency */,
			);
			fileSystemSynchronizedGroups = (
				A973F4C52E1D0A8F001491B3 /* ClassOn */,
			);
			name = OnClassLite;
			packageProductDependencies = (
			);
			productName = ClassOn;
			productReference = A973F4C32E1D0A8F001491B3 /* OnClassLite.app */;
			productType = "com.apple.product-type.application";
		};
		A9FCCDC62E39FD05009AF07D /* OnClassTrail */ = {
			isa = PBXNativeTarget;
			buildConfigurationList = A9FCCDF32E39FD05009AF07D /* Build configuration list for PBXNativeTarget "OnClassTrail" */;
			buildPhases = (
				A9FCCDC32E39FD05009AF07D /* Sources */,
				A9FCCDC42E39FD05009AF07D /* Frameworks */,
				A9FCCDC52E39FD05009AF07D /* Resources */,
			);
			buildRules = (
			);
			dependencies = (
			);
			fileSystemSynchronizedGroups = (
				A9FCCDC82E39FD05009AF07D /* OnClassTrail */,
			);
			name = OnClassTrail;
			packageProductDependencies = (
			);
			productName = OnClassTrail;
			productReference = A9FCCDC72E39FD05009AF07D /* OnClassTrail.app */;
			productType = "com.apple.product-type.application.on-demand-install-capable";
		};
		A9FCCDD62E39FD05009AF07D /* OnClassTrailTests */ = {
			isa = PBXNativeTarget;
			buildConfigurationList = A9FCCDF52E39FD05009AF07D /* Build configuration list for PBXNativeTarget "OnClassTrailTests" */;
			buildPhases = (
				A9FCCDD32E39FD05009AF07D /* Sources */,
				A9FCCDD42E39FD05009AF07D /* Frameworks */,
				A9FCCDD52E39FD05009AF07D /* Resources */,
			);
			buildRules = (
			);
			dependencies = (
				A9FCCDD92E39FD05009AF07D /* PBXTargetDependency */,
			);
			fileSystemSynchronizedGroups = (
				A9FCCDDA2E39FD05009AF07D /* OnClassTrailTests */,
			);
			name = OnClassTrailTests;
			packageProductDependencies = (
			);
			productName = OnClassTrailTests;
			productReference = A9FCCDD72E39FD05009AF07D /* OnClassTrailTests.xctest */;
			productType = "com.apple.product-type.bundle.unit-test";
		};
		A9FCCDE02E39FD05009AF07D /* OnClassTrailUITests */ = {
			isa = PBXNativeTarget;
			buildConfigurationList = A9FCCDF62E39FD05009AF07D /* Build configuration list for PBXNativeTarget "OnClassTrailUITests" */;
			buildPhases = (
				A9FCCDDD2E39FD05009AF07D /* Sources */,
				A9FCCDDE2E39FD05009AF07D /* Frameworks */,
				A9FCCDDF2E39FD05009AF07D /* Resources */,
			);
			buildRules = (
			);
			dependencies = (
				A9FCCDE32E39FD05009AF07D /* PBXTargetDependency */,
			);
			fileSystemSynchronizedGroups = (
				A9FCCDE42E39FD05009AF07D /* OnClassTrailUITests */,
			);
			name = OnClassTrailUITests;
			packageProductDependencies = (
			);
			productName = OnClassTrailUITests;
			productReference = A9FCCDE12E39FD05009AF07D /* OnClassTrailUITests.xctest */;
			productType = "com.apple.product-type.bundle.ui-testing";
		};
/* End PBXNativeTarget section */

/* Begin PBXProject section */
		A973F4BB2E1D0A8F001491B3 /* Project object */ = {
			isa = PBXProject;
			attributes = {
				BuildIndependentTargetsInParallel = 1;
				LastSwiftUpdateCheck = 1640;
				LastUpgradeCheck = 1640;
				TargetAttributes = {
					A973F4C22E1D0A8F001491B3 = {
						CreatedOnToolsVersion = 16.4;
					};
					A9FCCDC62E39FD05009AF07D = {
						CreatedOnToolsVersion = 16.4;
					};
					A9FCCDD62E39FD05009AF07D = {
						CreatedOnToolsVersion = 16.4;
						TestTargetID = A9FCCDC62E39FD05009AF07D;
					};
					A9FCCDE02E39FD05009AF07D = {
						CreatedOnToolsVersion = 16.4;
						TestTargetID = A9FCCDC62E39FD05009AF07D;
					};
				};
			};
			buildConfigurationList = A973F4BE2E1D0A8F001491B3 /* Build configuration list for PBXProject "OnClassLite" */;
			developmentRegion = en;
			hasScannedForEncodings = 0;
			knownRegions = (
				en,
				Base,
			);
			mainGroup = A973F4BA2E1D0A8F001491B3;
			minimizedProjectReferenceProxies = 1;
			preferredProjectObjectVersion = 77;
			productRefGroup = A973F4C42E1D0A8F001491B3 /* Products */;
			projectDirPath = "";
			projectRoot = "";
			targets = (
				A973F4C22E1D0A8F001491B3 /* OnClassLite */,
				A9FCCDC62E39FD05009AF07D /* OnClassTrail */,
				A9FCCDD62E39FD05009AF07D /* OnClassTrailTests */,
				A9FCCDE02E39FD05009AF07D /* OnClassTrailUITests */,
			);
		};
/* End PBXProject section */

/* Begin PBXResourcesBuildPhase section */
		A973F4C12E1D0A8F001491B3 /* Resources */ = {
			isa = PBXResourcesBuildPhase;
			buildActionMask = 2147483647;
			files = (
			);
			runOnlyForDeploymentPostprocessing = 0;
		};
		A9FCCDC52E39FD05009AF07D /* Resources */ = {
			isa = PBXResourcesBuildPhase;
			buildActionMask = 2147483647;
			files = (
			);
			runOnlyForDeploymentPostprocessing = 0;
		};
		A9FCCDD52E39FD05009AF07D /* Resources */ = {
			isa = PBXResourcesBuildPhase;
			buildActionMask = 2147483647;
			files = (
			);
			runOnlyForDeploymentPostprocessing = 0;
		};
		A9FCCDDF2E39FD05009AF07D /* Resources */ = {
			isa = PBXResourcesBuildPhase;
			buildActionMask = 2147483647;
			files = (
			);
			runOnlyForDeploymentPostprocessing = 0;
		};
/* End PBXResourcesBuildPhase section */

/* Begin PBXSourcesBuildPhase section */
		A973F4BF2E1D0A8F001491B3 /* Sources */ = {
			isa = PBXSourcesBuildPhase;
			buildActionMask = 2147483647;
			files = (
			);
			runOnlyForDeploymentPostprocessing = 0;
		};
		A9FCCDC32E39FD05009AF07D /* Sources */ = {
			isa = PBXSourcesBuildPhase;
			buildActionMask = 2147483647;
			files = (
			);
			runOnlyForDeploymentPostprocessing = 0;
		};
		A9FCCDD32E39FD05009AF07D /* Sources */ = {
			isa = PBXSourcesBuildPhase;
			buildActionMask = 2147483647;
			files = (
			);
			runOnlyForDeploymentPostprocessing = 0;
		};
		A9FCCDDD2E39FD05009AF07D /* Sources */ = {
			isa = PBXSourcesBuildPhase;
			buildActionMask = 2147483647;
			files = (
			);
			runOnlyForDeploymentPostprocessing = 0;
		};
/* End PBXSourcesBuildPhase section */

/* Begin PBXTargetDependency section */
		A9FCCDD92E39FD05009AF07D /* PBXTargetDependency */ = {
			isa = PBXTargetDependency;
			target = A9FCCDC62E39FD05009AF07D /* OnClassTrail */;
			targetProxy = A9FCCDD82E39FD05009AF07D /* PBXContainerItemProxy */;
		};
		A9FCCDE32E39FD05009AF07D /* PBXTargetDependency */ = {
			isa = PBXTargetDependency;
			target = A9FCCDC62E39FD05009AF07D /* OnClassTrail */;
			targetProxy = A9FCCDE22E39FD05009AF07D /* PBXContainerItemProxy */;
		};
		A9FCCDEA2E39FD05009AF07D /* PBXTargetDependency */ = {
			isa = PBXTargetDependency;
			target = A9FCCDC62E39FD05009AF07D /* OnClassTrail */;
			targetProxy = A9FCCDE92E39FD05009AF07D /* PBXContainerItemProxy */;
		};
/* End PBXTargetDependency section */

/* Begin XCBuildConfiguration section */
		A973F4D22E1D0A8F001491B3 /* Debug */ = {
			isa = XCBuildConfiguration;
			buildSettings = {
				ASSETCATALOG_COMPILER_APPICON_NAME = AppIcon;
				ASSETCATALOG_COMPILER_GLOBAL_ACCENT_COLOR_NAME = AccentColor;
				CODE_SIGN_ENTITLEMENTS = ClassOn/ClassOn.entitlements;
				CODE_SIGN_STYLE = Automatic;
				CURRENT_PROJECT_VERSION = 29;
				DEVELOPMENT_TEAM = 832FW23SZD;
				ENABLE_PREVIEWS = YES;
				GENERATE_INFOPLIST_FILE = YES;
				INFOPLIST_FILE = ClassOn/Info.plist;
				INFOPLIST_KEY_CFBundleDisplayName = "OnClass-Lite";
				INFOPLIST_KEY_LSApplicationCategoryType = "public.app-category.productivity";
				INFOPLIST_KEY_NSCameraUsageDescription = "Camera access is required to scan QR codes for importing subjects.";
				INFOPLIST_KEY_UIApplicationSceneManifest_Generation = YES;
				INFOPLIST_KEY_UIApplicationSupportsIndirectInputEvents = YES;
				INFOPLIST_KEY_UILaunchScreen_Generation = YES;
				INFOPLIST_KEY_UISupportedInterfaceOrientations = UIInterfaceOrientationPortrait;
				INFOPLIST_KEY_UISupportedInterfaceOrientations_iPad = "UIInterfaceOrientationLandscapeLeft UIInterfaceOrientationLandscapeRight UIInterfaceOrientationPortrait UIInterfaceOrientationPortraitUpsideDown";
				IPHONEOS_DEPLOYMENT_TARGET = 17.0;
				LD_RUNPATH_SEARCH_PATHS = (
					"$(inherited)",
					"@executable_path/Frameworks",
				);
				MARKETING_VERSION = 0.5.0;
				PRODUCT_BUNDLE_IDENTIFIER = com.yunlu.thomasb.OnClassLite;
				PRODUCT_NAME = "$(TARGET_NAME)";
				SWIFT_EMIT_LOC_STRINGS = YES;
				SWIFT_VERSION = 5.0;
				TARGETED_DEVICE_FAMILY = "1,2";
			};
			name = Debug;
		};
		A973F4D32E1D0A8F001491B3 /* Release */ = {
			isa = XCBuildConfiguration;
			buildSettings = {
				ASSETCATALOG_COMPILER_APPICON_NAME = AppIcon;
				ASSETCATALOG_COMPILER_GLOBAL_ACCENT_COLOR_NAME = AccentColor;
				CODE_SIGN_ENTITLEMENTS = ClassOn/ClassOn.entitlements;
				CODE_SIGN_STYLE = Automatic;
				CURRENT_PROJECT_VERSION = 29;
				DEVELOPMENT_TEAM = 832FW23SZD;
				ENABLE_PREVIEWS = YES;
				GENERATE_INFOPLIST_FILE = YES;
				INFOPLIST_FILE = ClassOn/Info.plist;
				INFOPLIST_KEY_CFBundleDisplayName = "OnClass-Lite";
				INFOPLIST_KEY_LSApplicationCategoryType = "public.app-category.productivity";
				INFOPLIST_KEY_NSCameraUsageDescription = "Camera access is required to scan QR codes for importing subjects.";
				INFOPLIST_KEY_UIApplicationSceneManifest_Generation = YES;
				INFOPLIST_KEY_UIApplicationSupportsIndirectInputEvents = YES;
				INFOPLIST_KEY_UILaunchScreen_Generation = YES;
				INFOPLIST_KEY_UISupportedInterfaceOrientations = UIInterfaceOrientationPortrait;
				INFOPLIST_KEY_UISupportedInterfaceOrientations_iPad = "UIInterfaceOrientationLandscapeLeft UIInterfaceOrientationLandscapeRight UIInterfaceOrientationPortrait UIInterfaceOrientationPortraitUpsideDown";
				IPHONEOS_DEPLOYMENT_TARGET = 17.0;
				LD_RUNPATH_SEARCH_PATHS = (
					"$(inherited)",
					"@executable_path/Frameworks",
				);
				MARKETING_VERSION = 0.5.0;
				PRODUCT_BUNDLE_IDENTIFIER = com.yunlu.thomasb.OnClassLite;
				PRODUCT_NAME = "$(TARGET_NAME)";
				SWIFT_EMIT_LOC_STRINGS = YES;
				SWIFT_VERSION = 5.0;
				TARGETED_DEVICE_FAMILY = "1,2";
			};
			name = Release;
		};
		A973F4D42E1D0A8F001491B3 /* Debug */ = {
			isa = XCBuildConfiguration;
			buildSettings = {
				ALWAYS_SEARCH_USER_PATHS = NO;
				ASSETCATALOG_COMPILER_GENERATE_SWIFT_ASSET_SYMBOL_EXTENSIONS = YES;
				CLANG_ANALYZER_NONNULL = YES;
				CLANG_ANALYZER_NUMBER_OBJECT_CONVERSION = YES_AGGRESSIVE;
				CLANG_CXX_LANGUAGE_STANDARD = "gnu++20";
				CLANG_ENABLE_MODULES = YES;
				CLANG_ENABLE_OBJC_ARC = YES;
				CLANG_ENABLE_OBJC_WEAK = YES;
				CLANG_WARN_BLOCK_CAPTURE_AUTORELEASING = YES;
				CLANG_WARN_BOOL_CONVERSION = YES;
				CLANG_WARN_COMMA = YES;
				CLANG_WARN_CONSTANT_CONVERSION = YES;
				CLANG_WARN_DEPRECATED_OBJC_IMPLEMENTATIONS = YES;
				CLANG_WARN_DIRECT_OBJC_ISA_USAGE = YES_ERROR;
				CLANG_WARN_DOCUMENTATION_COMMENTS = YES;
				CLANG_WARN_EMPTY_BODY = YES;
				CLANG_WARN_ENUM_CONVERSION = YES;
				CLANG_WARN_INFINITE_RECURSION = YES;
				CLANG_WARN_INT_CONVERSION = YES;
				CLANG_WARN_NON_LITERAL_NULL_CONVERSION = YES;
				CLANG_WARN_OBJC_IMPLICIT_RETAIN_SELF = YES;
				CLANG_WARN_OBJC_LITERAL_CONVERSION = YES;
				CLANG_WARN_OBJC_ROOT_CLASS = YES_ERROR;
				CLANG_WARN_QUOTED_INCLUDE_IN_FRAMEWORK_HEADER = YES;
				CLANG_WARN_RANGE_LOOP_ANALYSIS = YES;
				CLANG_WARN_STRICT_PROTOTYPES = YES;
				CLANG_WARN_SUSPICIOUS_MOVE = YES;
				CLANG_WARN_UNGUARDED_AVAILABILITY = YES_AGGRESSIVE;
				CLANG_WARN_UNREACHABLE_CODE = YES;
				CLANG_WARN__DUPLICATE_METHOD_MATCH = YES;
				COPY_PHASE_STRIP = NO;
				DEBUG_INFORMATION_FORMAT = dwarf;
				DEVELOPMENT_TEAM = 832FW23SZD;
				ENABLE_STRICT_OBJC_MSGSEND = YES;
				ENABLE_TESTABILITY = YES;
				ENABLE_USER_SCRIPT_SANDBOXING = YES;
				GCC_C_LANGUAGE_STANDARD = gnu17;
				GCC_DYNAMIC_NO_PIC = NO;
				GCC_NO_COMMON_BLOCKS = YES;
				GCC_OPTIMIZATION_LEVEL = 0;
				GCC_PREPROCESSOR_DEFINITIONS = (
					"DEBUG=1",
					"$(inherited)",
				);
				GCC_WARN_64_TO_32_BIT_CONVERSION = YES;
				GCC_WARN_ABOUT_RETURN_TYPE = YES_ERROR;
				GCC_WARN_UNDECLARED_SELECTOR = YES;
				GCC_WARN_UNINITIALIZED_AUTOS = YES_AGGRESSIVE;
				GCC_WARN_UNUSED_FUNCTION = YES;
				GCC_WARN_UNUSED_VARIABLE = YES;
				IPHONEOS_DEPLOYMENT_TARGET = 18.5;
				LOCALIZATION_PREFERS_STRING_CATALOGS = YES;
				MTL_ENABLE_DEBUG_INFO = INCLUDE_SOURCE;
				MTL_FAST_MATH = YES;
				ONLY_ACTIVE_ARCH = YES;
				SDKROOT = iphoneos;
				SWIFT_ACTIVE_COMPILATION_CONDITIONS = "DEBUG $(inherited)";
				SWIFT_OPTIMIZATION_LEVEL = "-Onone";
			};
			name = Debug;
		};
		A973F4D52E1D0A8F001491B3 /* Release */ = {
			isa = XCBuildConfiguration;
			buildSettings = {
				ALWAYS_SEARCH_USER_PATHS = NO;
				ASSETCATALOG_COMPILER_GENERATE_SWIFT_ASSET_SYMBOL_EXTENSIONS = YES;
				CLANG_ANALYZER_NONNULL = YES;
				CLANG_ANALYZER_NUMBER_OBJECT_CONVERSION = YES_AGGRESSIVE;
				CLANG_CXX_LANGUAGE_STANDARD = "gnu++20";
				CLANG_ENABLE_MODULES = YES;
				CLANG_ENABLE_OBJC_ARC = YES;
				CLANG_ENABLE_OBJC_WEAK = YES;
				CLANG_WARN_BLOCK_CAPTURE_AUTORELEASING = YES;
				CLANG_WARN_BOOL_CONVERSION = YES;
				CLANG_WARN_COMMA = YES;
				CLANG_WARN_CONSTANT_CONVERSION = YES;
				CLANG_WARN_DEPRECATED_OBJC_IMPLEMENTATIONS = YES;
				CLANG_WARN_DIRECT_OBJC_ISA_USAGE = YES_ERROR;
				CLANG_WARN_DOCUMENTATION_COMMENTS = YES;
				CLANG_WARN_EMPTY_BODY = YES;
				CLANG_WARN_ENUM_CONVERSION = YES;
				CLANG_WARN_INFINITE_RECURSION = YES;
				CLANG_WARN_INT_CONVERSION = YES;
				CLANG_WARN_NON_LITERAL_NULL_CONVERSION = YES;
				CLANG_WARN_OBJC_IMPLICIT_RETAIN_SELF = YES;
				CLANG_WARN_OBJC_LITERAL_CONVERSION = YES;
				CLANG_WARN_OBJC_ROOT_CLASS = YES_ERROR;
				CLANG_WARN_QUOTED_INCLUDE_IN_FRAMEWORK_HEADER = YES;
				CLANG_WARN_RANGE_LOOP_ANALYSIS = YES;
				CLANG_WARN_STRICT_PROTOTYPES = YES;
				CLANG_WARN_SUSPICIOUS_MOVE = YES;
				CLANG_WARN_UNGUARDED_AVAILABILITY = YES_AGGRESSIVE;
				CLANG_WARN_UNREACHABLE_CODE = YES;
				CLANG_WARN__DUPLICATE_METHOD_MATCH = YES;
				COPY_PHASE_STRIP = NO;
				DEBUG_INFORMATION_FORMAT = "dwarf-with-dsym";
				DEVELOPMENT_TEAM = 832FW23SZD;
				ENABLE_NS_ASSERTIONS = NO;
				ENABLE_STRICT_OBJC_MSGSEND = YES;
				ENABLE_USER_SCRIPT_SANDBOXING = YES;
				GCC_C_LANGUAGE_STANDARD = gnu17;
				GCC_NO_COMMON_BLOCKS = YES;
				GCC_WARN_64_TO_32_BIT_CONVERSION = YES;
				GCC_WARN_ABOUT_RETURN_TYPE = YES_ERROR;
				GCC_WARN_UNDECLARED_SELECTOR = YES;
				GCC_WARN_UNINITIALIZED_AUTOS = YES_AGGRESSIVE;
				GCC_WARN_UNUSED_FUNCTION = YES;
				GCC_WARN_UNUSED_VARIABLE = YES;
				IPHONEOS_DEPLOYMENT_TARGET = 18.5;
				LOCALIZATION_PREFERS_STRING_CATALOGS = YES;
				MTL_ENABLE_DEBUG_INFO = NO;
				MTL_FAST_MATH = YES;
				SDKROOT = iphoneos;
				SWIFT_COMPILATION_MODE = wholemodule;
				VALIDATE_PRODUCT = YES;
			};
			name = Release;
		};
		A9FCCDED2E39FD05009AF07D /* Debug */ = {
			isa = XCBuildConfiguration;
			buildSettings = {
				ASSETCATALOG_COMPILER_APPICON_NAME = AppIcon;
				ASSETCATALOG_COMPILER_GLOBAL_ACCENT_COLOR_NAME = AccentColor;
				CODE_SIGN_ENTITLEMENTS = OnClassTrail/OnClassTrail.entitlements;
				CODE_SIGN_STYLE = Automatic;
				CURRENT_PROJECT_VERSION = 1;
				DEVELOPMENT_TEAM = 832FW23SZD;
				ENABLE_PREVIEWS = YES;
				GENERATE_INFOPLIST_FILE = YES;
				INFOPLIST_FILE = OnClassTrail/Info.plist;
				INFOPLIST_KEY_CFBundleDisplayName = OnClassLite;
				INFOPLIST_KEY_UIApplicationSceneManifest_Generation = YES;
				INFOPLIST_KEY_UIApplicationSupportsIndirectInputEvents = YES;
				INFOPLIST_KEY_UILaunchScreen_Generation = YES;
				INFOPLIST_KEY_UISupportedInterfaceOrientations_iPad = "UIInterfaceOrientationPortrait UIInterfaceOrientationPortraitUpsideDown UIInterfaceOrientationLandscapeLeft UIInterfaceOrientationLandscapeRight";
				INFOPLIST_KEY_UISupportedInterfaceOrientations_iPhone = "UIInterfaceOrientationPortrait UIInterfaceOrientationLandscapeLeft UIInterfaceOrientationLandscapeRight";
				LD_RUNPATH_SEARCH_PATHS = (
					"$(inherited)",
					"@executable_path/Frameworks",
				);
				MARKETING_VERSION = 0.5.0;
				PRODUCT_BUNDLE_IDENTIFIER = com.yunlu.thomasb.OnClassLite.Clip;
				PRODUCT_NAME = "$(TARGET_NAME)";
				SWIFT_EMIT_LOC_STRINGS = YES;
				SWIFT_VERSION = 5.0;
				TARGETED_DEVICE_FAMILY = "1,2";
			};
			name = Debug;
		};
		A9FCCDEE2E39FD05009AF07D /* Release */ = {
			isa = XCBuildConfiguration;
			buildSettings = {
				ASSETCATALOG_COMPILER_APPICON_NAME = AppIcon;
				ASSETCATALOG_COMPILER_GLOBAL_ACCENT_COLOR_NAME = AccentColor;
				CODE_SIGN_ENTITLEMENTS = OnClassTrail/OnClassTrail.entitlements;
				CODE_SIGN_STYLE = Automatic;
				CURRENT_PROJECT_VERSION = 1;
				DEVELOPMENT_TEAM = 832FW23SZD;
				ENABLE_PREVIEWS = YES;
				GENERATE_INFOPLIST_FILE = YES;
				INFOPLIST_FILE = OnClassTrail/Info.plist;
				INFOPLIST_KEY_CFBundleDisplayName = OnClassLite;
				INFOPLIST_KEY_UIApplicationSceneManifest_Generation = YES;
				INFOPLIST_KEY_UIApplicationSupportsIndirectInputEvents = YES;
				INFOPLIST_KEY_UILaunchScreen_Generation = YES;
				INFOPLIST_KEY_UISupportedInterfaceOrientations_iPad = "UIInterfaceOrientationPortrait UIInterfaceOrientationPortraitUpsideDown UIInterfaceOrientationLandscapeLeft UIInterfaceOrientationLandscapeRight";
				INFOPLIST_KEY_UISupportedInterfaceOrientations_iPhone = "UIInterfaceOrientationPortrait UIInterfaceOrientationLandscapeLeft UIInterfaceOrientationLandscapeRight";
				LD_RUNPATH_SEARCH_PATHS = (
					"$(inherited)",
					"@executable_path/Frameworks",
				);
				MARKETING_VERSION = 0.5.0;
				PRODUCT_BUNDLE_IDENTIFIER = com.yunlu.thomasb.OnClassLite.Clip;
				PRODUCT_NAME = "$(TARGET_NAME)";
				SWIFT_EMIT_LOC_STRINGS = YES;
				SWIFT_VERSION = 5.0;
				TARGETED_DEVICE_FAMILY = "1,2";
			};
			name = Release;
		};
		A9FCCDEF2E39FD05009AF07D /* Debug */ = {
			isa = XCBuildConfiguration;
			buildSettings = {
				BUNDLE_LOADER = "$(TEST_HOST)";
				CODE_SIGN_STYLE = Automatic;
				CURRENT_PROJECT_VERSION = 1;
				DEVELOPMENT_TEAM = 832FW23SZD;
				GENERATE_INFOPLIST_FILE = YES;
				IPHONEOS_DEPLOYMENT_TARGET = 18.5;
				MARKETING_VERSION = 1.0;
				PRODUCT_BUNDLE_IDENTIFIER = com.yunlu.thomasb.OnClassLite.OnClassTrailTests;
				PRODUCT_NAME = "$(TARGET_NAME)";
				SWIFT_EMIT_LOC_STRINGS = NO;
				SWIFT_VERSION = 5.0;
				TARGETED_DEVICE_FAMILY = "1,2";
				TEST_HOST = "$(BUILT_PRODUCTS_DIR)/OnClassTrail.app/$(BUNDLE_EXECUTABLE_FOLDER_PATH)/OnClassTrail";
			};
			name = Debug;
		};
		A9FCCDF02E39FD05009AF07D /* Release */ = {
			isa = XCBuildConfiguration;
			buildSettings = {
				BUNDLE_LOADER = "$(TEST_HOST)";
				CODE_SIGN_STYLE = Automatic;
				CURRENT_PROJECT_VERSION = 1;
				DEVELOPMENT_TEAM = 832FW23SZD;
				GENERATE_INFOPLIST_FILE = YES;
				IPHONEOS_DEPLOYMENT_TARGET = 18.5;
				MARKETING_VERSION = 1.0;
				PRODUCT_BUNDLE_IDENTIFIER = com.yunlu.thomasb.OnClassLite.OnClassTrailTests;
				PRODUCT_NAME = "$(TARGET_NAME)";
				SWIFT_EMIT_LOC_STRINGS = NO;
				SWIFT_VERSION = 5.0;
				TARGETED_DEVICE_FAMILY = "1,2";
				TEST_HOST = "$(BUILT_PRODUCTS_DIR)/OnClassTrail.app/$(BUNDLE_EXECUTABLE_FOLDER_PATH)/OnClassTrail";
			};
			name = Release;
		};
		A9FCCDF12E39FD05009AF07D /* Debug */ = {
			isa = XCBuildConfiguration;
			buildSettings = {
				CODE_SIGN_STYLE = Automatic;
				CURRENT_PROJECT_VERSION = 1;
				DEVELOPMENT_TEAM = 832FW23SZD;
				GENERATE_INFOPLIST_FILE = YES;
				MARKETING_VERSION = 1.0;
				PRODUCT_BUNDLE_IDENTIFIER = com.yunlu.thomasb.OnClassLite.OnClassTrailUITests;
				PRODUCT_NAME = "$(TARGET_NAME)";
				SWIFT_EMIT_LOC_STRINGS = NO;
				SWIFT_VERSION = 5.0;
				TARGETED_DEVICE_FAMILY = "1,2";
				TEST_TARGET_NAME = OnClassTrail;
			};
			name = Debug;
		};
		A9FCCDF22E39FD05009AF07D /* Release */ = {
			isa = XCBuildConfiguration;
			buildSettings = {
				CODE_SIGN_STYLE = Automatic;
				CURRENT_PROJECT_VERSION = 1;
				DEVELOPMENT_TEAM = 832FW23SZD;
				GENERATE_INFOPLIST_FILE = YES;
				MARKETING_VERSION = 1.0;
				PRODUCT_BUNDLE_IDENTIFIER = com.yunlu.thomasb.OnClassLite.OnClassTrailUITests;
				PRODUCT_NAME = "$(TARGET_NAME)";
				SWIFT_EMIT_LOC_STRINGS = NO;
				SWIFT_VERSION = 5.0;
				TARGETED_DEVICE_FAMILY = "1,2";
				TEST_TARGET_NAME = OnClassTrail;
			};
			name = Release;
		};
/* End XCBuildConfiguration section */

/* Begin XCConfigurationList section */
		A973F4BE2E1D0A8F001491B3 /* Build configuration list for PBXProject "OnClassLite" */ = {
			isa = XCConfigurationList;
			buildConfigurations = (
				A973F4D42E1D0A8F001491B3 /* Debug */,
				A973F4D52E1D0A8F001491B3 /* Release */,
			);
			defaultConfigurationIsVisible = 0;
			defaultConfigurationName = Release;
		};
		A973F4D12E1D0A8F001491B3 /* Build configuration list for PBXNativeTarget "OnClassLite" */ = {
			isa = XCConfigurationList;
			buildConfigurations = (
				A973F4D22E1D0A8F001491B3 /* Debug */,
				A973F4D32E1D0A8F001491B3 /* Release */,
			);
			defaultConfigurationIsVisible = 0;
			defaultConfigurationName = Release;
		};
		A9FCCDF32E39FD05009AF07D /* Build configuration list for PBXNativeTarget "OnClassTrail" */ = {
			isa = XCConfigurationList;
			buildConfigurations = (
				A9FCCDED2E39FD05009AF07D /* Debug */,
				A9FCCDEE2E39FD05009AF07D /* Release */,
			);
			defaultConfigurationIsVisible = 0;
			defaultConfigurationName = Release;
		};
		A9FCCDF52E39FD05009AF07D /* Build configuration list for PBXNativeTarget "OnClassTrailTests" */ = {
			isa = XCConfigurationList;
			buildConfigurations = (
				A9FCCDEF2E39FD05009AF07D /* Debug */,
				A9FCCDF02E39FD05009AF07D /* Release */,
			);
			defaultConfigurationIsVisible = 0;
			defaultConfigurationName = Release;
		};
		A9FCCDF62E39FD05009AF07D /* Build configuration list for PBXNativeTarget "OnClassTrailUITests" */ = {
			isa = XCConfigurationList;
			buildConfigurations = (
				A9FCCDF12E39FD05009AF07D /* Debug */,
				A9FCCDF22E39FD05009AF07D /* Release */,
			);
			defaultConfigurationIsVisible = 0;
			defaultConfigurationName = Release;
		};
/* End XCConfigurationList section */
	};
	rootObject = A973F4BB2E1D0A8F001491B3 /* Project object */;
}
